// !$*UTF8*$!
{
	archiveVersion = 1;
	classes = {
	};
	objectVersion = 46;
	objects = {

/* Begin PBXBuildFile section */
		E412B3C91AA9C95A0015B7C1 /* NSString+HXAddtions.m in Sources */ = {isa = PBXBuildFile; fileRef = E412B3C81AA9C95A0015B7C1 /* NSString+HXAddtions.m */; };
		E412B40E1AA9F44C0015B7C1 /* Utils.m in Sources */ = {isa = PBXBuildFile; fileRef = E412B40D1AA9F44C0015B7C1 /* Utils.m */; };
		E412B4111AA9F5910015B7C1 /* CheckInfoViewController.m in Sources */ = {isa = PBXBuildFile; fileRef = E412B4101AA9F5910015B7C1 /* CheckInfoViewController.m */; };
		E412B4151AA9F88C0015B7C1 /* UserRole.m in Sources */ = {isa = PBXBuildFile; fileRef = E412B4141AA9F88C0015B7C1 /* UserRole.m */; };
		E430A1A01AA70C3500CFBFC6 /* LaunchScreen.xib in Resources */ = {isa = PBXBuildFile; fileRef = E4F02EFB1AA5C5ED00426A88 /* LaunchScreen.xib */; };
		E430A1E21AA711C200CFBFC6 /* Security.framework in Frameworks */ = {isa = PBXBuildFile; fileRef = E430A1E11AA711C200CFBFC6 /* Security.framework */; };
		E430A1E41AA711C700CFBFC6 /* MobileCoreServices.framework in Frameworks */ = {isa = PBXBuildFile; fileRef = E430A1E31AA711C700CFBFC6 /* MobileCoreServices.framework */; };
		E430A1E61AA711D000CFBFC6 /* SystemConfiguration.framework in Frameworks */ = {isa = PBXBuildFile; fileRef = E430A1E51AA711D000CFBFC6 /* SystemConfiguration.framework */; };
		E430A2171AA7443600CFBFC6 /* LeftMenuViewController.m in Sources */ = {isa = PBXBuildFile; fileRef = E430A1FC1AA7443600CFBFC6 /* LeftMenuViewController.m */; };
		E430A21B1AA7443600CFBFC6 /* SlideNavigationContorllerAnimatorFade.m in Sources */ = {isa = PBXBuildFile; fileRef = E430A2071AA7443600CFBFC6 /* SlideNavigationContorllerAnimatorFade.m */; };
		E430A21C1AA7443600CFBFC6 /* SlideNavigationContorllerAnimatorScale.m in Sources */ = {isa = PBXBuildFile; fileRef = E430A2091AA7443600CFBFC6 /* SlideNavigationContorllerAnimatorScale.m */; };
		E430A21D1AA7443600CFBFC6 /* SlideNavigationContorllerAnimatorScaleAndFade.m in Sources */ = {isa = PBXBuildFile; fileRef = E430A20B1AA7443600CFBFC6 /* SlideNavigationContorllerAnimatorScaleAndFade.m */; };
		E430A21E1AA7443600CFBFC6 /* SlideNavigationContorllerAnimatorSlide.m in Sources */ = {isa = PBXBuildFile; fileRef = E430A20D1AA7443600CFBFC6 /* SlideNavigationContorllerAnimatorSlide.m */; };
		E430A21F1AA7443600CFBFC6 /* SlideNavigationContorllerAnimatorSlideAndFade.m in Sources */ = {isa = PBXBuildFile; fileRef = E430A20F1AA7443600CFBFC6 /* SlideNavigationContorllerAnimatorSlideAndFade.m */; };
		E430A2201AA7443600CFBFC6 /* menu-button.png in Resources */ = {isa = PBXBuildFile; fileRef = E430A2111AA7443600CFBFC6 /* menu-button.png */; };
		E430A2211AA7443600CFBFC6 /* menu-button@2x.png in Resources */ = {isa = PBXBuildFile; fileRef = E430A2121AA7443600CFBFC6 /* menu-button@2x.png */; };
		E430A2221AA7443600CFBFC6 /* SlideNavigationController.m in Sources */ = {isa = PBXBuildFile; fileRef = E430A2141AA7443600CFBFC6 /* SlideNavigationController.m */; };
		E430A2291AA755C600CFBFC6 /* leftMenu.jpg in Resources */ = {isa = PBXBuildFile; fileRef = E430A2281AA755C600CFBFC6 /* leftMenu.jpg */; };
		E4DAB94A1AA76EB600C58A8E /* MyNoticeViewController.m in Sources */ = {isa = PBXBuildFile; fileRef = E4DAB9491AA76EB600C58A8E /* MyNoticeViewController.m */; };
		E4DAB94D1AA772FF00C58A8E /* DwglViewController.m in Sources */ = {isa = PBXBuildFile; fileRef = E4DAB94C1AA772FF00C58A8E /* DwglViewController.m */; };
		E4DAB9501AA7742F00C58A8E /* SettingViewController.m in Sources */ = {isa = PBXBuildFile; fileRef = E4DAB94F1AA7742F00C58A8E /* SettingViewController.m */; };
		E4DAB9531AA7767300C58A8E /* HomeViewController.m in Sources */ = {isa = PBXBuildFile; fileRef = E4DAB9521AA7767300C58A8E /* HomeViewController.m */; };
		E4EC77A91AA855BF00414B8B /* MBProgressHUD+Add.m in Sources */ = {isa = PBXBuildFile; fileRef = E4EC77A61AA855BF00414B8B /* MBProgressHUD+Add.m */; };
		E4EC77AA1AA855BF00414B8B /* MBProgressHUD.m in Sources */ = {isa = PBXBuildFile; fileRef = E4EC77A81AA855BF00414B8B /* MBProgressHUD.m */; };
		E4EC77B81AA8582300414B8B /* NSDate+Category.m in Sources */ = {isa = PBXBuildFile; fileRef = E4EC77AD1AA8582300414B8B /* NSDate+Category.m */; };
		E4EC77B91AA8582300414B8B /* NSDateFormatter+Category.m in Sources */ = {isa = PBXBuildFile; fileRef = E4EC77AF1AA8582300414B8B /* NSDateFormatter+Category.m */; };
		E4EC77BA1AA8582300414B8B /* NSString+Valid.m in Sources */ = {isa = PBXBuildFile; fileRef = E4EC77B11AA8582300414B8B /* NSString+Valid.m */; };
		E4EC77BB1AA8582300414B8B /* UIResponder+Router.m in Sources */ = {isa = PBXBuildFile; fileRef = E4EC77B31AA8582300414B8B /* UIResponder+Router.m */; };
		E4EC77BC1AA8582300414B8B /* UIViewController+DismissKeyboard.m in Sources */ = {isa = PBXBuildFile; fileRef = E4EC77B51AA8582300414B8B /* UIViewController+DismissKeyboard.m */; };
		E4EC77BD1AA8582300414B8B /* UIViewController+HUD.m in Sources */ = {isa = PBXBuildFile; fileRef = E4EC77B71AA8582300414B8B /* UIViewController+HUD.m */; };
		E4EC77EB1AA8A16F00414B8B /* HMSegmentedControl.m in Sources */ = {isa = PBXBuildFile; fileRef = E4EC77EA1AA8A16F00414B8B /* HMSegmentedControl.m */; };
		E4EC77ED1AA8A33C00414B8B /* QuartzCore.framework in Frameworks */ = {isa = PBXBuildFile; fileRef = E4EC77EC1AA8A33C00414B8B /* QuartzCore.framework */; };
		E4EC78101AA8AE4C00414B8B /* InfoViewController.m in Sources */ = {isa = PBXBuildFile; fileRef = E4EC780F1AA8AE4C00414B8B /* InfoViewController.m */; };
		E4ECC4921AADC16F00DADC94 /* InfoTableViewCell.m in Sources */ = {isa = PBXBuildFile; fileRef = E4ECC4911AADC16F00DADC94 /* InfoTableViewCell.m */; };
		E4ECC4B71AADDC7100DADC94 /* UIScrollView+PullLoad.m in Sources */ = {isa = PBXBuildFile; fileRef = E4ECC4B61AADDC7100DADC94 /* UIScrollView+PullLoad.m */; };
		E4ECC4BA1AADEBF500DADC94 /* MyReportTableViewCell.m in Sources */ = {isa = PBXBuildFile; fileRef = E4ECC4B91AADEBF500DADC94 /* MyReportTableViewCell.m */; };
		E4F02EEF1AA5C5ED00426A88 /* main.m in Sources */ = {isa = PBXBuildFile; fileRef = E4F02EEE1AA5C5ED00426A88 /* main.m */; };
		E4F02EF21AA5C5ED00426A88 /* AppDelegate.m in Sources */ = {isa = PBXBuildFile; fileRef = E4F02EF11AA5C5ED00426A88 /* AppDelegate.m */; };
		E4F02EF51AA5C5ED00426A88 /* ViewController.m in Sources */ = {isa = PBXBuildFile; fileRef = E4F02EF41AA5C5ED00426A88 /* ViewController.m */; };
		E4F02EF81AA5C5ED00426A88 /* Main.storyboard in Resources */ = {isa = PBXBuildFile; fileRef = E4F02EF61AA5C5ED00426A88 /* Main.storyboard */; };
		E4F02EFA1AA5C5ED00426A88 /* Images.xcassets in Resources */ = {isa = PBXBuildFile; fileRef = E4F02EF91AA5C5ED00426A88 /* Images.xcassets */; };
		E4F02F091AA5C5ED00426A88 /* gamytTests.m in Sources */ = {isa = PBXBuildFile; fileRef = E4F02F081AA5C5ED00426A88 /* gamytTests.m */; };
		E4F02F291AA5FA3100426A88 /* IQKeyboardManager.bundle in Resources */ = {isa = PBXBuildFile; fileRef = E4F02F131AA5FA3100426A88 /* IQKeyboardManager.bundle */; };
		E4F02F2A1AA5FA3100426A88 /* IQKeyboardManager.m in Sources */ = {isa = PBXBuildFile; fileRef = E4F02F151AA5FA3100426A88 /* IQKeyboardManager.m */; };
		E4F02F2B1AA5FA3100426A88 /* IQSegmentedNextPrevious.m in Sources */ = {isa = PBXBuildFile; fileRef = E4F02F191AA5FA3100426A88 /* IQSegmentedNextPrevious.m */; };
		E4F02F2C1AA5FA3100426A88 /* IQTextView.m in Sources */ = {isa = PBXBuildFile; fileRef = E4F02F1B1AA5FA3100426A88 /* IQTextView.m */; };
		E4F02F2D1AA5FA3100426A88 /* IQTitleBarButtonItem.m in Sources */ = {isa = PBXBuildFile; fileRef = E4F02F1D1AA5FA3100426A88 /* IQTitleBarButtonItem.m */; };
		E4F02F2E1AA5FA3100426A88 /* IQToolbar.m in Sources */ = {isa = PBXBuildFile; fileRef = E4F02F1F1AA5FA3100426A88 /* IQToolbar.m */; };
		E4F02F2F1AA5FA3100426A88 /* NSArray+Sort.m in Sources */ = {isa = PBXBuildFile; fileRef = E4F02F221AA5FA3100426A88 /* NSArray+Sort.m */; };
		E4F02F301AA5FA3100426A88 /* UIView+Hierarchy.m in Sources */ = {isa = PBXBuildFile; fileRef = E4F02F241AA5FA3100426A88 /* UIView+Hierarchy.m */; };
		E4F02F311AA5FA3100426A88 /* UIView+IQKeyboardToolbar.m in Sources */ = {isa = PBXBuildFile; fileRef = E4F02F261AA5FA3100426A88 /* UIView+IQKeyboardToolbar.m */; };
		E4F02F321AA5FA3100426A88 /* UIWindow+Hierarchy.m in Sources */ = {isa = PBXBuildFile; fileRef = E4F02F281AA5FA3100426A88 /* UIWindow+Hierarchy.m */; };
		E4F02F351AA60B7200426A88 /* FindPasswordViewController.m in Sources */ = {isa = PBXBuildFile; fileRef = E4F02F341AA60B7200426A88 /* FindPasswordViewController.m */; };
		E4F02F5E1AA61C3500426A88 /* MyReportViewController.m in Sources */ = {isa = PBXBuildFile; fileRef = E4F02F5D1AA61C3500426A88 /* MyReportViewController.m */; };
/* End PBXBuildFile section */

/* Begin PBXContainerItemProxy section */
		E4F02F031AA5C5ED00426A88 /* PBXContainerItemProxy */ = {
			isa = PBXContainerItemProxy;
			containerPortal = E4F02EE11AA5C5ED00426A88 /* Project object */;
			proxyType = 1;
			remoteGlobalIDString = E4F02EE81AA5C5ED00426A88;
			remoteInfo = gamyt;
		};
/* End PBXContainerItemProxy section */

/* Begin PBXFileReference section */
		E412B3C71AA9C95A0015B7C1 /* NSString+HXAddtions.h */ = {isa = PBXFileReference; fileEncoding = 4; lastKnownFileType = sourcecode.c.h; path = "NSString+HXAddtions.h"; sourceTree = "<group>"; };
		E412B3C81AA9C95A0015B7C1 /* NSString+HXAddtions.m */ = {isa = PBXFileReference; fileEncoding = 4; lastKnownFileType = sourcecode.c.objc; path = "NSString+HXAddtions.m"; sourceTree = "<group>"; };
		E412B40C1AA9F44C0015B7C1 /* Utils.h */ = {isa = PBXFileReference; fileEncoding = 4; lastKnownFileType = sourcecode.c.h; path = Utils.h; sourceTree = "<group>"; };
		E412B40D1AA9F44C0015B7C1 /* Utils.m */ = {isa = PBXFileReference; fileEncoding = 4; lastKnownFileType = sourcecode.c.objc; path = Utils.m; sourceTree = "<group>"; };
		E412B40F1AA9F5910015B7C1 /* CheckInfoViewController.h */ = {isa = PBXFileReference; fileEncoding = 4; lastKnownFileType = sourcecode.c.h; path = CheckInfoViewController.h; sourceTree = "<group>"; };
		E412B4101AA9F5910015B7C1 /* CheckInfoViewController.m */ = {isa = PBXFileReference; fileEncoding = 4; lastKnownFileType = sourcecode.c.objc; path = CheckInfoViewController.m; sourceTree = "<group>"; };
		E412B4131AA9F88C0015B7C1 /* UserRole.h */ = {isa = PBXFileReference; fileEncoding = 4; lastKnownFileType = sourcecode.c.h; lineEnding = 0; name = UserRole.h; path = commons/UserRole.h; sourceTree = "<group>"; xcLanguageSpecificationIdentifier = xcode.lang.objcpp; };
		E412B4141AA9F88C0015B7C1 /* UserRole.m */ = {isa = PBXFileReference; fileEncoding = 4; lastKnownFileType = sourcecode.c.objc; lineEnding = 0; name = UserRole.m; path = commons/UserRole.m; sourceTree = "<group>"; xcLanguageSpecificationIdentifier = xcode.lang.objc; };
		E430A1E11AA711C200CFBFC6 /* Security.framework */ = {isa = PBXFileReference; lastKnownFileType = wrapper.framework; name = Security.framework; path = System/Library/Frameworks/Security.framework; sourceTree = SDKROOT; };
		E430A1E31AA711C700CFBFC6 /* MobileCoreServices.framework */ = {isa = PBXFileReference; lastKnownFileType = wrapper.framework; name = MobileCoreServices.framework; path = System/Library/Frameworks/MobileCoreServices.framework; sourceTree = SDKROOT; };
		E430A1E51AA711D000CFBFC6 /* SystemConfiguration.framework */ = {isa = PBXFileReference; lastKnownFileType = wrapper.framework; name = SystemConfiguration.framework; path = System/Library/Frameworks/SystemConfiguration.framework; sourceTree = SDKROOT; };
		E430A1FB1AA7443600CFBFC6 /* LeftMenuViewController.h */ = {isa = PBXFileReference; fileEncoding = 4; lastKnownFileType = sourcecode.c.h; path = LeftMenuViewController.h; sourceTree = "<group>"; };
		E430A1FC1AA7443600CFBFC6 /* LeftMenuViewController.m */ = {isa = PBXFileReference; fileEncoding = 4; lastKnownFileType = sourcecode.c.objc; path = LeftMenuViewController.m; sourceTree = "<group>"; };
		E430A2051AA7443600CFBFC6 /* SlideNavigationContorllerAnimator.h */ = {isa = PBXFileReference; fileEncoding = 4; lastKnownFileType = sourcecode.c.h; path = SlideNavigationContorllerAnimator.h; sourceTree = "<group>"; };
		E430A2061AA7443600CFBFC6 /* SlideNavigationContorllerAnimatorFade.h */ = {isa = PBXFileReference; fileEncoding = 4; lastKnownFileType = sourcecode.c.h; path = SlideNavigationContorllerAnimatorFade.h; sourceTree = "<group>"; };
		E430A2071AA7443600CFBFC6 /* SlideNavigationContorllerAnimatorFade.m */ = {isa = PBXFileReference; fileEncoding = 4; lastKnownFileType = sourcecode.c.objc; path = SlideNavigationContorllerAnimatorFade.m; sourceTree = "<group>"; };
		E430A2081AA7443600CFBFC6 /* SlideNavigationContorllerAnimatorScale.h */ = {isa = PBXFileReference; fileEncoding = 4; lastKnownFileType = sourcecode.c.h; path = SlideNavigationContorllerAnimatorScale.h; sourceTree = "<group>"; };
		E430A2091AA7443600CFBFC6 /* SlideNavigationContorllerAnimatorScale.m */ = {isa = PBXFileReference; fileEncoding = 4; lastKnownFileType = sourcecode.c.objc; path = SlideNavigationContorllerAnimatorScale.m; sourceTree = "<group>"; };
		E430A20A1AA7443600CFBFC6 /* SlideNavigationContorllerAnimatorScaleAndFade.h */ = {isa = PBXFileReference; fileEncoding = 4; lastKnownFileType = sourcecode.c.h; path = SlideNavigationContorllerAnimatorScaleAndFade.h; sourceTree = "<group>"; };
		E430A20B1AA7443600CFBFC6 /* SlideNavigationContorllerAnimatorScaleAndFade.m */ = {isa = PBXFileReference; fileEncoding = 4; lastKnownFileType = sourcecode.c.objc; path = SlideNavigationContorllerAnimatorScaleAndFade.m; sourceTree = "<group>"; };
		E430A20C1AA7443600CFBFC6 /* SlideNavigationContorllerAnimatorSlide.h */ = {isa = PBXFileReference; fileEncoding = 4; lastKnownFileType = sourcecode.c.h; path = SlideNavigationContorllerAnimatorSlide.h; sourceTree = "<group>"; };
		E430A20D1AA7443600CFBFC6 /* SlideNavigationContorllerAnimatorSlide.m */ = {isa = PBXFileReference; fileEncoding = 4; lastKnownFileType = sourcecode.c.objc; path = SlideNavigationContorllerAnimatorSlide.m; sourceTree = "<group>"; };
		E430A20E1AA7443600CFBFC6 /* SlideNavigationContorllerAnimatorSlideAndFade.h */ = {isa = PBXFileReference; fileEncoding = 4; lastKnownFileType = sourcecode.c.h; path = SlideNavigationContorllerAnimatorSlideAndFade.h; sourceTree = "<group>"; };
		E430A20F1AA7443600CFBFC6 /* SlideNavigationContorllerAnimatorSlideAndFade.m */ = {isa = PBXFileReference; fileEncoding = 4; lastKnownFileType = sourcecode.c.objc; path = SlideNavigationContorllerAnimatorSlideAndFade.m; sourceTree = "<group>"; };
		E430A2111AA7443600CFBFC6 /* menu-button.png */ = {isa = PBXFileReference; lastKnownFileType = image.png; path = "menu-button.png"; sourceTree = "<group>"; };
		E430A2121AA7443600CFBFC6 /* menu-button@2x.png */ = {isa = PBXFileReference; lastKnownFileType = image.png; path = "menu-button@2x.png"; sourceTree = "<group>"; };
		E430A2131AA7443600CFBFC6 /* SlideNavigationController.h */ = {isa = PBXFileReference; fileEncoding = 4; lastKnownFileType = sourcecode.c.h; path = SlideNavigationController.h; sourceTree = "<group>"; };
		E430A2141AA7443600CFBFC6 /* SlideNavigationController.m */ = {isa = PBXFileReference; fileEncoding = 4; lastKnownFileType = sourcecode.c.objc; path = SlideNavigationController.m; sourceTree = "<group>"; };
		E430A2281AA755C600CFBFC6 /* leftMenu.jpg */ = {isa = PBXFileReference; lastKnownFileType = image.jpeg; path = leftMenu.jpg; sourceTree = "<group>"; };
		E4DAB9481AA76EB600C58A8E /* MyNoticeViewController.h */ = {isa = PBXFileReference; fileEncoding = 4; lastKnownFileType = sourcecode.c.h; path = MyNoticeViewController.h; sourceTree = "<group>"; };
		E4DAB9491AA76EB600C58A8E /* MyNoticeViewController.m */ = {isa = PBXFileReference; fileEncoding = 4; lastKnownFileType = sourcecode.c.objc; path = MyNoticeViewController.m; sourceTree = "<group>"; };
		E4DAB94B1AA772FF00C58A8E /* DwglViewController.h */ = {isa = PBXFileReference; fileEncoding = 4; lastKnownFileType = sourcecode.c.h; path = DwglViewController.h; sourceTree = "<group>"; };
		E4DAB94C1AA772FF00C58A8E /* DwglViewController.m */ = {isa = PBXFileReference; fileEncoding = 4; lastKnownFileType = sourcecode.c.objc; path = DwglViewController.m; sourceTree = "<group>"; };
		E4DAB94E1AA7742F00C58A8E /* SettingViewController.h */ = {isa = PBXFileReference; fileEncoding = 4; lastKnownFileType = sourcecode.c.h; path = SettingViewController.h; sourceTree = "<group>"; };
		E4DAB94F1AA7742F00C58A8E /* SettingViewController.m */ = {isa = PBXFileReference; fileEncoding = 4; lastKnownFileType = sourcecode.c.objc; path = SettingViewController.m; sourceTree = "<group>"; };
		E4DAB9511AA7767300C58A8E /* HomeViewController.h */ = {isa = PBXFileReference; fileEncoding = 4; lastKnownFileType = sourcecode.c.h; path = HomeViewController.h; sourceTree = "<group>"; };
		E4DAB9521AA7767300C58A8E /* HomeViewController.m */ = {isa = PBXFileReference; fileEncoding = 4; lastKnownFileType = sourcecode.c.objc; path = HomeViewController.m; sourceTree = "<group>"; };
		E4EC77A51AA855BF00414B8B /* MBProgressHUD+Add.h */ = {isa = PBXFileReference; fileEncoding = 4; lastKnownFileType = sourcecode.c.h; path = "MBProgressHUD+Add.h"; sourceTree = "<group>"; };
		E4EC77A61AA855BF00414B8B /* MBProgressHUD+Add.m */ = {isa = PBXFileReference; fileEncoding = 4; lastKnownFileType = sourcecode.c.objc; path = "MBProgressHUD+Add.m"; sourceTree = "<group>"; };
		E4EC77A71AA855BF00414B8B /* MBProgressHUD.h */ = {isa = PBXFileReference; fileEncoding = 4; lastKnownFileType = sourcecode.c.h; path = MBProgressHUD.h; sourceTree = "<group>"; };
		E4EC77A81AA855BF00414B8B /* MBProgressHUD.m */ = {isa = PBXFileReference; fileEncoding = 4; lastKnownFileType = sourcecode.c.objc; path = MBProgressHUD.m; sourceTree = "<group>"; };
		E4EC77AC1AA8582300414B8B /* NSDate+Category.h */ = {isa = PBXFileReference; fileEncoding = 4; lastKnownFileType = sourcecode.c.h; path = "NSDate+Category.h"; sourceTree = "<group>"; };
		E4EC77AD1AA8582300414B8B /* NSDate+Category.m */ = {isa = PBXFileReference; fileEncoding = 4; lastKnownFileType = sourcecode.c.objc; path = "NSDate+Category.m"; sourceTree = "<group>"; };
		E4EC77AE1AA8582300414B8B /* NSDateFormatter+Category.h */ = {isa = PBXFileReference; fileEncoding = 4; lastKnownFileType = sourcecode.c.h; path = "NSDateFormatter+Category.h"; sourceTree = "<group>"; };
		E4EC77AF1AA8582300414B8B /* NSDateFormatter+Category.m */ = {isa = PBXFileReference; fileEncoding = 4; lastKnownFileType = sourcecode.c.objc; path = "NSDateFormatter+Category.m"; sourceTree = "<group>"; };
		E4EC77B01AA8582300414B8B /* NSString+Valid.h */ = {isa = PBXFileReference; fileEncoding = 4; lastKnownFileType = sourcecode.c.h; path = "NSString+Valid.h"; sourceTree = "<group>"; };
		E4EC77B11AA8582300414B8B /* NSString+Valid.m */ = {isa = PBXFileReference; fileEncoding = 4; lastKnownFileType = sourcecode.c.objc; path = "NSString+Valid.m"; sourceTree = "<group>"; };
		E4EC77B21AA8582300414B8B /* UIResponder+Router.h */ = {isa = PBXFileReference; fileEncoding = 4; lastKnownFileType = sourcecode.c.h; path = "UIResponder+Router.h"; sourceTree = "<group>"; };
		E4EC77B31AA8582300414B8B /* UIResponder+Router.m */ = {isa = PBXFileReference; fileEncoding = 4; lastKnownFileType = sourcecode.c.objc; path = "UIResponder+Router.m"; sourceTree = "<group>"; };
		E4EC77B41AA8582300414B8B /* UIViewController+DismissKeyboard.h */ = {isa = PBXFileReference; fileEncoding = 4; lastKnownFileType = sourcecode.c.h; path = "UIViewController+DismissKeyboard.h"; sourceTree = "<group>"; };
		E4EC77B51AA8582300414B8B /* UIViewController+DismissKeyboard.m */ = {isa = PBXFileReference; fileEncoding = 4; lastKnownFileType = sourcecode.c.objc; path = "UIViewController+DismissKeyboard.m"; sourceTree = "<group>"; };
		E4EC77B61AA8582300414B8B /* UIViewController+HUD.h */ = {isa = PBXFileReference; fileEncoding = 4; lastKnownFileType = sourcecode.c.h; path = "UIViewController+HUD.h"; sourceTree = "<group>"; };
		E4EC77B71AA8582300414B8B /* UIViewController+HUD.m */ = {isa = PBXFileReference; fileEncoding = 4; lastKnownFileType = sourcecode.c.objc; path = "UIViewController+HUD.m"; sourceTree = "<group>"; };
		E4EC77E91AA8A16F00414B8B /* HMSegmentedControl.h */ = {isa = PBXFileReference; fileEncoding = 4; lastKnownFileType = sourcecode.c.h; path = HMSegmentedControl.h; sourceTree = "<group>"; };
		E4EC77EA1AA8A16F00414B8B /* HMSegmentedControl.m */ = {isa = PBXFileReference; fileEncoding = 4; lastKnownFileType = sourcecode.c.objc; path = HMSegmentedControl.m; sourceTree = "<group>"; };
		E4EC77EC1AA8A33C00414B8B /* QuartzCore.framework */ = {isa = PBXFileReference; lastKnownFileType = wrapper.framework; name = QuartzCore.framework; path = System/Library/Frameworks/QuartzCore.framework; sourceTree = SDKROOT; };
		E4EC780E1AA8AE4C00414B8B /* InfoViewController.h */ = {isa = PBXFileReference; fileEncoding = 4; lastKnownFileType = sourcecode.c.h; path = InfoViewController.h; sourceTree = "<group>"; };
		E4EC780F1AA8AE4C00414B8B /* InfoViewController.m */ = {isa = PBXFileReference; fileEncoding = 4; lastKnownFileType = sourcecode.c.objc; path = InfoViewController.m; sourceTree = "<group>"; };
		E4ECC4901AADC16F00DADC94 /* InfoTableViewCell.h */ = {isa = PBXFileReference; fileEncoding = 4; lastKnownFileType = sourcecode.c.h; path = InfoTableViewCell.h; sourceTree = "<group>"; };
		E4ECC4911AADC16F00DADC94 /* InfoTableViewCell.m */ = {isa = PBXFileReference; fileEncoding = 4; lastKnownFileType = sourcecode.c.objc; path = InfoTableViewCell.m; sourceTree = "<group>"; };
		E4ECC4B51AADDC7100DADC94 /* UIScrollView+PullLoad.h */ = {isa = PBXFileReference; fileEncoding = 4; lastKnownFileType = sourcecode.c.h; path = "UIScrollView+PullLoad.h"; sourceTree = "<group>"; };
		E4ECC4B61AADDC7100DADC94 /* UIScrollView+PullLoad.m */ = {isa = PBXFileReference; fileEncoding = 4; lastKnownFileType = sourcecode.c.objc; path = "UIScrollView+PullLoad.m"; sourceTree = "<group>"; };
		E4ECC4B81AADEBF500DADC94 /* MyReportTableViewCell.h */ = {isa = PBXFileReference; fileEncoding = 4; lastKnownFileType = sourcecode.c.h; path = MyReportTableViewCell.h; sourceTree = "<group>"; };
		E4ECC4B91AADEBF500DADC94 /* MyReportTableViewCell.m */ = {isa = PBXFileReference; fileEncoding = 4; lastKnownFileType = sourcecode.c.objc; path = MyReportTableViewCell.m; sourceTree = "<group>"; };
		E4F02EE91AA5C5ED00426A88 /* gamyt.app */ = {isa = PBXFileReference; explicitFileType = wrapper.application; includeInIndex = 0; path = gamyt.app; sourceTree = BUILT_PRODUCTS_DIR; };
		E4F02EED1AA5C5ED00426A88 /* Info.plist */ = {isa = PBXFileReference; lastKnownFileType = text.plist.xml; path = Info.plist; sourceTree = "<group>"; };
		E4F02EEE1AA5C5ED00426A88 /* main.m */ = {isa = PBXFileReference; lastKnownFileType = sourcecode.c.objc; lineEnding = 0; path = main.m; sourceTree = "<group>"; xcLanguageSpecificationIdentifier = xcode.lang.objc; };
		E4F02EF01AA5C5ED00426A88 /* AppDelegate.h */ = {isa = PBXFileReference; lastKnownFileType = sourcecode.c.h; path = AppDelegate.h; sourceTree = "<group>"; };
		E4F02EF11AA5C5ED00426A88 /* AppDelegate.m */ = {isa = PBXFileReference; lastKnownFileType = sourcecode.c.objc; path = AppDelegate.m; sourceTree = "<group>"; };
		E4F02EF31AA5C5ED00426A88 /* ViewController.h */ = {isa = PBXFileReference; lastKnownFileType = sourcecode.c.h; path = ViewController.h; sourceTree = "<group>"; };
		E4F02EF41AA5C5ED00426A88 /* ViewController.m */ = {isa = PBXFileReference; lastKnownFileType = sourcecode.c.objc; path = ViewController.m; sourceTree = "<group>"; };
		E4F02EF71AA5C5ED00426A88 /* Base */ = {isa = PBXFileReference; lastKnownFileType = file.storyboard; name = Base; path = Base.lproj/Main.storyboard; sourceTree = "<group>"; };
		E4F02EF91AA5C5ED00426A88 /* Images.xcassets */ = {isa = PBXFileReference; lastKnownFileType = folder.assetcatalog; path = Images.xcassets; sourceTree = "<group>"; };
		E4F02EFC1AA5C5ED00426A88 /* Base */ = {isa = PBXFileReference; lastKnownFileType = file.xib; name = Base; path = Base.lproj/LaunchScreen.xib; sourceTree = "<group>"; };
		E4F02F021AA5C5ED00426A88 /* gamytTests.xctest */ = {isa = PBXFileReference; explicitFileType = wrapper.cfbundle; includeInIndex = 0; path = gamytTests.xctest; sourceTree = BUILT_PRODUCTS_DIR; };
		E4F02F071AA5C5ED00426A88 /* Info.plist */ = {isa = PBXFileReference; lastKnownFileType = text.plist.xml; path = Info.plist; sourceTree = "<group>"; };
		E4F02F081AA5C5ED00426A88 /* gamytTests.m */ = {isa = PBXFileReference; lastKnownFileType = sourcecode.c.objc; path = gamytTests.m; sourceTree = "<group>"; };
		E4F02F131AA5FA3100426A88 /* IQKeyboardManager.bundle */ = {isa = PBXFileReference; lastKnownFileType = "wrapper.plug-in"; path = IQKeyboardManager.bundle; sourceTree = "<group>"; };
		E4F02F141AA5FA3100426A88 /* IQKeyboardManager.h */ = {isa = PBXFileReference; fileEncoding = 4; lastKnownFileType = sourcecode.c.h; path = IQKeyboardManager.h; sourceTree = "<group>"; };
		E4F02F151AA5FA3100426A88 /* IQKeyboardManager.m */ = {isa = PBXFileReference; fileEncoding = 4; lastKnownFileType = sourcecode.c.objc; path = IQKeyboardManager.m; sourceTree = "<group>"; };
		E4F02F161AA5FA3100426A88 /* IQKeyboardManagerConstants.h */ = {isa = PBXFileReference; fileEncoding = 4; lastKnownFileType = sourcecode.c.h; path = IQKeyboardManagerConstants.h; sourceTree = "<group>"; };
		E4F02F171AA5FA3100426A88 /* IQKeyboardManagerConstantsInternal.h */ = {isa = PBXFileReference; fileEncoding = 4; lastKnownFileType = sourcecode.c.h; path = IQKeyboardManagerConstantsInternal.h; sourceTree = "<group>"; };
		E4F02F181AA5FA3100426A88 /* IQSegmentedNextPrevious.h */ = {isa = PBXFileReference; fileEncoding = 4; lastKnownFileType = sourcecode.c.h; path = IQSegmentedNextPrevious.h; sourceTree = "<group>"; };
		E4F02F191AA5FA3100426A88 /* IQSegmentedNextPrevious.m */ = {isa = PBXFileReference; fileEncoding = 4; lastKnownFileType = sourcecode.c.objc; path = IQSegmentedNextPrevious.m; sourceTree = "<group>"; };
		E4F02F1A1AA5FA3100426A88 /* IQTextView.h */ = {isa = PBXFileReference; fileEncoding = 4; lastKnownFileType = sourcecode.c.h; path = IQTextView.h; sourceTree = "<group>"; };
		E4F02F1B1AA5FA3100426A88 /* IQTextView.m */ = {isa = PBXFileReference; fileEncoding = 4; lastKnownFileType = sourcecode.c.objc; path = IQTextView.m; sourceTree = "<group>"; };
		E4F02F1C1AA5FA3100426A88 /* IQTitleBarButtonItem.h */ = {isa = PBXFileReference; fileEncoding = 4; lastKnownFileType = sourcecode.c.h; path = IQTitleBarButtonItem.h; sourceTree = "<group>"; };
		E4F02F1D1AA5FA3100426A88 /* IQTitleBarButtonItem.m */ = {isa = PBXFileReference; fileEncoding = 4; lastKnownFileType = sourcecode.c.objc; path = IQTitleBarButtonItem.m; sourceTree = "<group>"; };
		E4F02F1E1AA5FA3100426A88 /* IQToolbar.h */ = {isa = PBXFileReference; fileEncoding = 4; lastKnownFileType = sourcecode.c.h; path = IQToolbar.h; sourceTree = "<group>"; };
		E4F02F1F1AA5FA3100426A88 /* IQToolbar.m */ = {isa = PBXFileReference; fileEncoding = 4; lastKnownFileType = sourcecode.c.objc; path = IQToolbar.m; sourceTree = "<group>"; };
		E4F02F201AA5FA3100426A88 /* KeyboardManager.h */ = {isa = PBXFileReference; fileEncoding = 4; lastKnownFileType = sourcecode.c.h; path = KeyboardManager.h; sourceTree = "<group>"; };
		E4F02F211AA5FA3100426A88 /* NSArray+Sort.h */ = {isa = PBXFileReference; fileEncoding = 4; lastKnownFileType = sourcecode.c.h; path = "NSArray+Sort.h"; sourceTree = "<group>"; };
		E4F02F221AA5FA3100426A88 /* NSArray+Sort.m */ = {isa = PBXFileReference; fileEncoding = 4; lastKnownFileType = sourcecode.c.objc; path = "NSArray+Sort.m"; sourceTree = "<group>"; };
		E4F02F231AA5FA3100426A88 /* UIView+Hierarchy.h */ = {isa = PBXFileReference; fileEncoding = 4; lastKnownFileType = sourcecode.c.h; path = "UIView+Hierarchy.h"; sourceTree = "<group>"; };
		E4F02F241AA5FA3100426A88 /* UIView+Hierarchy.m */ = {isa = PBXFileReference; fileEncoding = 4; lastKnownFileType = sourcecode.c.objc; path = "UIView+Hierarchy.m"; sourceTree = "<group>"; };
		E4F02F251AA5FA3100426A88 /* UIView+IQKeyboardToolbar.h */ = {isa = PBXFileReference; fileEncoding = 4; lastKnownFileType = sourcecode.c.h; path = "UIView+IQKeyboardToolbar.h"; sourceTree = "<group>"; };
		E4F02F261AA5FA3100426A88 /* UIView+IQKeyboardToolbar.m */ = {isa = PBXFileReference; fileEncoding = 4; lastKnownFileType = sourcecode.c.objc; path = "UIView+IQKeyboardToolbar.m"; sourceTree = "<group>"; };
		E4F02F271AA5FA3100426A88 /* UIWindow+Hierarchy.h */ = {isa = PBXFileReference; fileEncoding = 4; lastKnownFileType = sourcecode.c.h; path = "UIWindow+Hierarchy.h"; sourceTree = "<group>"; };
		E4F02F281AA5FA3100426A88 /* UIWindow+Hierarchy.m */ = {isa = PBXFileReference; fileEncoding = 4; lastKnownFileType = sourcecode.c.objc; path = "UIWindow+Hierarchy.m"; sourceTree = "<group>"; };
		E4F02F331AA60B7200426A88 /* FindPasswordViewController.h */ = {isa = PBXFileReference; fileEncoding = 4; lastKnownFileType = sourcecode.c.h; path = FindPasswordViewController.h; sourceTree = "<group>"; };
		E4F02F341AA60B7200426A88 /* FindPasswordViewController.m */ = {isa = PBXFileReference; fileEncoding = 4; lastKnownFileType = sourcecode.c.objc; path = FindPasswordViewController.m; sourceTree = "<group>"; };
		E4F02F5C1AA61C3500426A88 /* MyReportViewController.h */ = {isa = PBXFileReference; fileEncoding = 4; lastKnownFileType = sourcecode.c.h; path = MyReportViewController.h; sourceTree = "<group>"; };
		E4F02F5D1AA61C3500426A88 /* MyReportViewController.m */ = {isa = PBXFileReference; fileEncoding = 4; lastKnownFileType = sourcecode.c.objc; path = MyReportViewController.m; sourceTree = "<group>"; };
		E4F02F5F1AA621F700426A88 /* gamyt.pch */ = {isa = PBXFileReference; lastKnownFileType = sourcecode.c.h; lineEnding = 0; path = gamyt.pch; sourceTree = "<group>"; xcLanguageSpecificationIdentifier = xcode.lang.objc; };
/* End PBXFileReference section */

/* Begin PBXFrameworksBuildPhase section */
		E4F02EE61AA5C5ED00426A88 /* Frameworks */ = {
			isa = PBXFrameworksBuildPhase;
			buildActionMask = 2147483647;
			files = (
				E4EC77ED1AA8A33C00414B8B /* QuartzCore.framework in Frameworks */,
				E430A1E61AA711D000CFBFC6 /* SystemConfiguration.framework in Frameworks */,
				E430A1E41AA711C700CFBFC6 /* MobileCoreServices.framework in Frameworks */,
				E430A1E21AA711C200CFBFC6 /* Security.framework in Frameworks */,
			);
			runOnlyForDeploymentPostprocessing = 0;
		};
		E4F02EFF1AA5C5ED00426A88 /* Frameworks */ = {
			isa = PBXFrameworksBuildPhase;
			buildActionMask = 2147483647;
			files = (
			);
			runOnlyForDeploymentPostprocessing = 0;
		};
/* End PBXFrameworksBuildPhase section */

/* Begin PBXGroup section */
		E412B4121AA9F8740015B7C1 /* commons */ = {
			isa = PBXGroup;
			children = (
				E412B4131AA9F88C0015B7C1 /* UserRole.h */,
				E412B4141AA9F88C0015B7C1 /* UserRole.m */,
			);
			name = commons;
			sourceTree = "<group>";
		};
		E430A1F51AA7443600CFBFC6 /* SlideMenu */ = {
			isa = PBXGroup;
			children = (
				E430A1F61AA7443600CFBFC6 /* Helper Classes */,
				E430A2031AA7443600CFBFC6 /* Source */,
			);
			path = SlideMenu;
			sourceTree = "<group>";
		};
		E430A1F61AA7443600CFBFC6 /* Helper Classes */ = {
			isa = PBXGroup;
			children = (
				E430A1FB1AA7443600CFBFC6 /* LeftMenuViewController.h */,
				E430A1FC1AA7443600CFBFC6 /* LeftMenuViewController.m */,
			);
			path = "Helper Classes";
			sourceTree = "<group>";
		};
		E430A2031AA7443600CFBFC6 /* Source */ = {
			isa = PBXGroup;
			children = (
				E430A2041AA7443600CFBFC6 /* Animations */,
				E430A2101AA7443600CFBFC6 /* Assets */,
				E430A2131AA7443600CFBFC6 /* SlideNavigationController.h */,
				E430A2141AA7443600CFBFC6 /* SlideNavigationController.m */,
			);
			path = Source;
			sourceTree = "<group>";
		};
		E430A2041AA7443600CFBFC6 /* Animations */ = {
			isa = PBXGroup;
			children = (
				E430A2051AA7443600CFBFC6 /* SlideNavigationContorllerAnimator.h */,
				E430A2061AA7443600CFBFC6 /* SlideNavigationContorllerAnimatorFade.h */,
				E430A2071AA7443600CFBFC6 /* SlideNavigationContorllerAnimatorFade.m */,
				E430A2081AA7443600CFBFC6 /* SlideNavigationContorllerAnimatorScale.h */,
				E430A2091AA7443600CFBFC6 /* SlideNavigationContorllerAnimatorScale.m */,
				E430A20A1AA7443600CFBFC6 /* SlideNavigationContorllerAnimatorScaleAndFade.h */,
				E430A20B1AA7443600CFBFC6 /* SlideNavigationContorllerAnimatorScaleAndFade.m */,
				E430A20C1AA7443600CFBFC6 /* SlideNavigationContorllerAnimatorSlide.h */,
				E430A20D1AA7443600CFBFC6 /* SlideNavigationContorllerAnimatorSlide.m */,
				E430A20E1AA7443600CFBFC6 /* SlideNavigationContorllerAnimatorSlideAndFade.h */,
				E430A20F1AA7443600CFBFC6 /* SlideNavigationContorllerAnimatorSlideAndFade.m */,
			);
			path = Animations;
			sourceTree = "<group>";
		};
		E430A2101AA7443600CFBFC6 /* Assets */ = {
			isa = PBXGroup;
			children = (
				E430A2281AA755C600CFBFC6 /* leftMenu.jpg */,
				E430A2111AA7443600CFBFC6 /* menu-button.png */,
				E430A2121AA7443600CFBFC6 /* menu-button@2x.png */,
			);
			path = Assets;
			sourceTree = "<group>";
		};
		E4EC77A41AA855BF00414B8B /* MBProgressHUD */ = {
			isa = PBXGroup;
			children = (
				E4EC77A51AA855BF00414B8B /* MBProgressHUD+Add.h */,
				E4EC77A61AA855BF00414B8B /* MBProgressHUD+Add.m */,
				E4EC77A71AA855BF00414B8B /* MBProgressHUD.h */,
				E4EC77A81AA855BF00414B8B /* MBProgressHUD.m */,
			);
			path = MBProgressHUD;
			sourceTree = "<group>";
		};
		E4EC77AB1AA8582300414B8B /* Category */ = {
			isa = PBXGroup;
			children = (
				E4ECC4B51AADDC7100DADC94 /* UIScrollView+PullLoad.h */,
				E4ECC4B61AADDC7100DADC94 /* UIScrollView+PullLoad.m */,
				E4EC77AC1AA8582300414B8B /* NSDate+Category.h */,
				E4EC77AD1AA8582300414B8B /* NSDate+Category.m */,
				E4EC77AE1AA8582300414B8B /* NSDateFormatter+Category.h */,
				E4EC77AF1AA8582300414B8B /* NSDateFormatter+Category.m */,
				E4EC77B01AA8582300414B8B /* NSString+Valid.h */,
				E4EC77B11AA8582300414B8B /* NSString+Valid.m */,
				E4EC77B21AA8582300414B8B /* UIResponder+Router.h */,
				E4EC77B31AA8582300414B8B /* UIResponder+Router.m */,
				E4EC77B41AA8582300414B8B /* UIViewController+DismissKeyboard.h */,
				E4EC77B51AA8582300414B8B /* UIViewController+DismissKeyboard.m */,
				E4EC77B61AA8582300414B8B /* UIViewController+HUD.h */,
				E4EC77B71AA8582300414B8B /* UIViewController+HUD.m */,
				E412B3C71AA9C95A0015B7C1 /* NSString+HXAddtions.h */,
				E412B3C81AA9C95A0015B7C1 /* NSString+HXAddtions.m */,
			);
			path = Category;
			sourceTree = "<group>";
		};
		E4EC77E81AA8A16F00414B8B /* HMSegmentedControl */ = {
			isa = PBXGroup;
			children = (
				E4EC77E91AA8A16F00414B8B /* HMSegmentedControl.h */,
				E4EC77EA1AA8A16F00414B8B /* HMSegmentedControl.m */,
			);
			path = HMSegmentedControl;
			sourceTree = "<group>";
		};
		E4F02EE01AA5C5ED00426A88 = {
			isa = PBXGroup;
			children = (
				E4F02EEB1AA5C5ED00426A88 /* gamyt */,
				E4F02F591AA6196B00426A88 /* Frameworks */,
				E4F02F051AA5C5ED00426A88 /* gamytTests */,
				E4F02EEA1AA5C5ED00426A88 /* Products */,
			);
			sourceTree = "<group>";
		};
		E4F02EEA1AA5C5ED00426A88 /* Products */ = {
			isa = PBXGroup;
			children = (
				E4F02EE91AA5C5ED00426A88 /* gamyt.app */,
				E4F02F021AA5C5ED00426A88 /* gamytTests.xctest */,
			);
			name = Products;
			sourceTree = "<group>";
		};
		E4F02EEB1AA5C5ED00426A88 /* gamyt */ = {
			isa = PBXGroup;
			children = (
				E4EC77E81AA8A16F00414B8B /* HMSegmentedControl */,
				E4F02EF01AA5C5ED00426A88 /* AppDelegate.h */,
				E4F02EF11AA5C5ED00426A88 /* AppDelegate.m */,
				E4F02EF31AA5C5ED00426A88 /* ViewController.h */,
				E4F02EF41AA5C5ED00426A88 /* ViewController.m */,
				E412B40C1AA9F44C0015B7C1 /* Utils.h */,
				E412B40D1AA9F44C0015B7C1 /* Utils.m */,
				E4F02EF61AA5C5ED00426A88 /* Main.storyboard */,
				E4F02EF91AA5C5ED00426A88 /* Images.xcassets */,
				E4F02EFB1AA5C5ED00426A88 /* LaunchScreen.xib */,
				E4F02F5B1AA61C2700426A88 /* view */,
				E412B4121AA9F8740015B7C1 /* commons */,
				E430A1F51AA7443600CFBFC6 /* SlideMenu */,
				E4EC77AB1AA8582300414B8B /* Category */,
				E4EC77A41AA855BF00414B8B /* MBProgressHUD */,
				E4F02F121AA5FA3100426A88 /* IQKeyBoardManager */,
				E4F02EEC1AA5C5ED00426A88 /* Supporting Files */,
				E4F02F331AA60B7200426A88 /* FindPasswordViewController.h */,
				E4F02F341AA60B7200426A88 /* FindPasswordViewController.m */,
			);
			path = gamyt;
			sourceTree = "<group>";
		};
		E4F02EEC1AA5C5ED00426A88 /* Supporting Files */ = {
			isa = PBXGroup;
			children = (
				E4F02EED1AA5C5ED00426A88 /* Info.plist */,
				E4F02EEE1AA5C5ED00426A88 /* main.m */,
				E4F02F5F1AA621F700426A88 /* gamyt.pch */,
			);
			name = "Supporting Files";
			sourceTree = "<group>";
		};
		E4F02F051AA5C5ED00426A88 /* gamytTests */ = {
			isa = PBXGroup;
			children = (
				E4F02F081AA5C5ED00426A88 /* gamytTests.m */,
				E4F02F061AA5C5ED00426A88 /* Supporting Files */,
			);
			path = gamytTests;
			sourceTree = "<group>";
		};
		E4F02F061AA5C5ED00426A88 /* Supporting Files */ = {
			isa = PBXGroup;
			children = (
				E4F02F071AA5C5ED00426A88 /* Info.plist */,
			);
			name = "Supporting Files";
			sourceTree = "<group>";
		};
		E4F02F121AA5FA3100426A88 /* IQKeyBoardManager */ = {
			isa = PBXGroup;
			children = (
				E4F02F131AA5FA3100426A88 /* IQKeyboardManager.bundle */,
				E4F02F141AA5FA3100426A88 /* IQKeyboardManager.h */,
				E4F02F151AA5FA3100426A88 /* IQKeyboardManager.m */,
				E4F02F161AA5FA3100426A88 /* IQKeyboardManagerConstants.h */,
				E4F02F171AA5FA3100426A88 /* IQKeyboardManagerConstantsInternal.h */,
				E4F02F181AA5FA3100426A88 /* IQSegmentedNextPrevious.h */,
				E4F02F191AA5FA3100426A88 /* IQSegmentedNextPrevious.m */,
				E4F02F1A1AA5FA3100426A88 /* IQTextView.h */,
				E4F02F1B1AA5FA3100426A88 /* IQTextView.m */,
				E4F02F1C1AA5FA3100426A88 /* IQTitleBarButtonItem.h */,
				E4F02F1D1AA5FA3100426A88 /* IQTitleBarButtonItem.m */,
				E4F02F1E1AA5FA3100426A88 /* IQToolbar.h */,
				E4F02F1F1AA5FA3100426A88 /* IQToolbar.m */,
				E4F02F201AA5FA3100426A88 /* KeyboardManager.h */,
				E4F02F211AA5FA3100426A88 /* NSArray+Sort.h */,
				E4F02F221AA5FA3100426A88 /* NSArray+Sort.m */,
				E4F02F231AA5FA3100426A88 /* UIView+Hierarchy.h */,
				E4F02F241AA5FA3100426A88 /* UIView+Hierarchy.m */,
				E4F02F251AA5FA3100426A88 /* UIView+IQKeyboardToolbar.h */,
				E4F02F261AA5FA3100426A88 /* UIView+IQKeyboardToolbar.m */,
				E4F02F271AA5FA3100426A88 /* UIWindow+Hierarchy.h */,
				E4F02F281AA5FA3100426A88 /* UIWindow+Hierarchy.m */,
			);
			path = IQKeyBoardManager;
			sourceTree = "<group>";
		};
		E4F02F591AA6196B00426A88 /* Frameworks */ = {
			isa = PBXGroup;
			children = (
				E4EC77EC1AA8A33C00414B8B /* QuartzCore.framework */,
				E430A1E51AA711D000CFBFC6 /* SystemConfiguration.framework */,
				E430A1E31AA711C700CFBFC6 /* MobileCoreServices.framework */,
				E430A1E11AA711C200CFBFC6 /* Security.framework */,
			);
			name = Frameworks;
			path = gamytTests;
			sourceTree = "<group>";
		};
		E4F02F5B1AA61C2700426A88 /* view */ = {
			isa = PBXGroup;
			children = (
				E4F02F5C1AA61C3500426A88 /* MyReportViewController.h */,
				E4F02F5D1AA61C3500426A88 /* MyReportViewController.m */,
				E4ECC4B81AADEBF500DADC94 /* MyReportTableViewCell.h */,
				E4ECC4B91AADEBF500DADC94 /* MyReportTableViewCell.m */,
				E4DAB9511AA7767300C58A8E /* HomeViewController.h */,
				E4DAB9521AA7767300C58A8E /* HomeViewController.m */,
				E4DAB9481AA76EB600C58A8E /* MyNoticeViewController.h */,
				E4DAB9491AA76EB600C58A8E /* MyNoticeViewController.m */,
				E4DAB94B1AA772FF00C58A8E /* DwglViewController.h */,
				E4DAB94C1AA772FF00C58A8E /* DwglViewController.m */,
				E412B40F1AA9F5910015B7C1 /* CheckInfoViewController.h */,
				E412B4101AA9F5910015B7C1 /* CheckInfoViewController.m */,
				E4DAB94E1AA7742F00C58A8E /* SettingViewController.h */,
				E4DAB94F1AA7742F00C58A8E /* SettingViewController.m */,
				E4EC780E1AA8AE4C00414B8B /* InfoViewController.h */,
				E4EC780F1AA8AE4C00414B8B /* InfoViewController.m */,
				E4ECC4901AADC16F00DADC94 /* InfoTableViewCell.h */,
				E4ECC4911AADC16F00DADC94 /* InfoTableViewCell.m */,
			);
			path = view;
			sourceTree = "<group>";
		};
/* End PBXGroup section */

/* Begin PBXNativeTarget section */
		E4F02EE81AA5C5ED00426A88 /* gamyt */ = {
			isa = PBXNativeTarget;
			buildConfigurationList = E4F02F0C1AA5C5ED00426A88 /* Build configuration list for PBXNativeTarget "gamyt" */;
			buildPhases = (
				E4F02EE51AA5C5ED00426A88 /* Sources */,
				E4F02EE61AA5C5ED00426A88 /* Frameworks */,
				E4F02EE71AA5C5ED00426A88 /* Resources */,
			);
			buildRules = (
			);
			dependencies = (
			);
			name = gamyt;
			productName = gamyt;
			productReference = E4F02EE91AA5C5ED00426A88 /* gamyt.app */;
			productType = "com.apple.product-type.application";
		};
		E4F02F011AA5C5ED00426A88 /* gamytTests */ = {
			isa = PBXNativeTarget;
			buildConfigurationList = E4F02F0F1AA5C5ED00426A88 /* Build configuration list for PBXNativeTarget "gamytTests" */;
			buildPhases = (
				E4F02EFE1AA5C5ED00426A88 /* Sources */,
				E4F02EFF1AA5C5ED00426A88 /* Frameworks */,
				E4F02F001AA5C5ED00426A88 /* Resources */,
			);
			buildRules = (
			);
			dependencies = (
				E4F02F041AA5C5ED00426A88 /* PBXTargetDependency */,
			);
			name = gamytTests;
			productName = gamytTests;
			productReference = E4F02F021AA5C5ED00426A88 /* gamytTests.xctest */;
			productType = "com.apple.product-type.bundle.unit-test";
		};
/* End PBXNativeTarget section */

/* Begin PBXProject section */
		E4F02EE11AA5C5ED00426A88 /* Project object */ = {
			isa = PBXProject;
			attributes = {
				LastUpgradeCheck = 0610;
				ORGANIZATIONNAME = hmzl;
				TargetAttributes = {
					E4F02EE81AA5C5ED00426A88 = {
						CreatedOnToolsVersion = 6.1;
						DevelopmentTeam = 385K2MCGVE;
					};
					E4F02F011AA5C5ED00426A88 = {
						CreatedOnToolsVersion = 6.1;
						TestTargetID = E4F02EE81AA5C5ED00426A88;
					};
				};
			};
			buildConfigurationList = E4F02EE41AA5C5ED00426A88 /* Build configuration list for PBXProject "gamyt" */;
			compatibilityVersion = "Xcode 3.2";
			developmentRegion = English;
			hasScannedForEncodings = 0;
			knownRegions = (
				en,
				Base,
			);
			mainGroup = E4F02EE01AA5C5ED00426A88;
			productRefGroup = E4F02EEA1AA5C5ED00426A88 /* Products */;
			projectDirPath = "";
			projectRoot = "";
			targets = (
				E4F02EE81AA5C5ED00426A88 /* gamyt */,
				E4F02F011AA5C5ED00426A88 /* gamytTests */,
			);
		};
/* End PBXProject section */

/* Begin PBXResourcesBuildPhase section */
		E4F02EE71AA5C5ED00426A88 /* Resources */ = {
			isa = PBXResourcesBuildPhase;
			buildActionMask = 2147483647;
			files = (
				E430A1A01AA70C3500CFBFC6 /* LaunchScreen.xib in Resources */,
				E430A2201AA7443600CFBFC6 /* menu-button.png in Resources */,
				E4F02EF81AA5C5ED00426A88 /* Main.storyboard in Resources */,
				E4F02F291AA5FA3100426A88 /* IQKeyboardManager.bundle in Resources */,
				E4F02EFA1AA5C5ED00426A88 /* Images.xcassets in Resources */,
				E430A2291AA755C600CFBFC6 /* leftMenu.jpg in Resources */,
				E430A2211AA7443600CFBFC6 /* menu-button@2x.png in Resources */,
			);
			runOnlyForDeploymentPostprocessing = 0;
		};
		E4F02F001AA5C5ED00426A88 /* Resources */ = {
			isa = PBXResourcesBuildPhase;
			buildActionMask = 2147483647;
			files = (
			);
			runOnlyForDeploymentPostprocessing = 0;
		};
/* End PBXResourcesBuildPhase section */

/* Begin PBXSourcesBuildPhase section */
		E4F02EE51AA5C5ED00426A88 /* Sources */ = {
			isa = PBXSourcesBuildPhase;
			buildActionMask = 2147483647;
			files = (
				E430A21B1AA7443600CFBFC6 /* SlideNavigationContorllerAnimatorFade.m in Sources */,
				E4F02F2F1AA5FA3100426A88 /* NSArray+Sort.m in Sources */,
				E412B3C91AA9C95A0015B7C1 /* NSString+HXAddtions.m in Sources */,
				E4DAB94A1AA76EB600C58A8E /* MyNoticeViewController.m in Sources */,
				E4ECC4B71AADDC7100DADC94 /* UIScrollView+PullLoad.m in Sources */,
				E4F02F311AA5FA3100426A88 /* UIView+IQKeyboardToolbar.m in Sources */,
				E4F02F2A1AA5FA3100426A88 /* IQKeyboardManager.m in Sources */,
				E4ECC4BA1AADEBF500DADC94 /* MyReportTableViewCell.m in Sources */,
				E4F02F351AA60B7200426A88 /* FindPasswordViewController.m in Sources */,
				E4EC77BB1AA8582300414B8B /* UIResponder+Router.m in Sources */,
				E4F02F2D1AA5FA3100426A88 /* IQTitleBarButtonItem.m in Sources */,
				E4F02F2C1AA5FA3100426A88 /* IQTextView.m in Sources */,
				E412B4151AA9F88C0015B7C1 /* UserRole.m in Sources */,
				E430A21C1AA7443600CFBFC6 /* SlideNavigationContorllerAnimatorScale.m in Sources */,
				E4F02F5E1AA61C3500426A88 /* MyReportViewController.m in Sources */,
				E430A21F1AA7443600CFBFC6 /* SlideNavigationContorllerAnimatorSlideAndFade.m in Sources */,
				E4EC77BA1AA8582300414B8B /* NSString+Valid.m in Sources */,
				E4EC77BD1AA8582300414B8B /* UIViewController+HUD.m in Sources */,
				E4F02F301AA5FA3100426A88 /* UIView+Hierarchy.m in Sources */,
				E4F02F2E1AA5FA3100426A88 /* IQToolbar.m in Sources */,
				E4F02EF51AA5C5ED00426A88 /* ViewController.m in Sources */,
				E412B40E1AA9F44C0015B7C1 /* Utils.m in Sources */,
				E4F02EF21AA5C5ED00426A88 /* AppDelegate.m in Sources */,
				E4F02F2B1AA5FA3100426A88 /* IQSegmentedNextPrevious.m in Sources */,
				E4EC77AA1AA855BF00414B8B /* MBProgressHUD.m in Sources */,
				E4EC78101AA8AE4C00414B8B /* InfoViewController.m in Sources */,
				E4F02EEF1AA5C5ED00426A88 /* main.m in Sources */,
				E4EC77B91AA8582300414B8B /* NSDateFormatter+Category.m in Sources */,
				E4DAB9501AA7742F00C58A8E /* SettingViewController.m in Sources */,
				E4EC77EB1AA8A16F00414B8B /* HMSegmentedControl.m in Sources */,
				E430A21D1AA7443600CFBFC6 /* SlideNavigationContorllerAnimatorScaleAndFade.m in Sources */,
				E4ECC4921AADC16F00DADC94 /* InfoTableViewCell.m in Sources */,
				E430A2221AA7443600CFBFC6 /* SlideNavigationController.m in Sources */,
				E4EC77B81AA8582300414B8B /* NSDate+Category.m in Sources */,
				E430A2171AA7443600CFBFC6 /* LeftMenuViewController.m in Sources */,
				E4F02F321AA5FA3100426A88 /* UIWindow+Hierarchy.m in Sources */,
				E430A21E1AA7443600CFBFC6 /* SlideNavigationContorllerAnimatorSlide.m in Sources */,
				E4EC77BC1AA8582300414B8B /* UIViewController+DismissKeyboard.m in Sources */,
				E4EC77A91AA855BF00414B8B /* MBProgressHUD+Add.m in Sources */,
				E412B4111AA9F5910015B7C1 /* CheckInfoViewController.m in Sources */,
				E4DAB94D1AA772FF00C58A8E /* DwglViewController.m in Sources */,
				E4DAB9531AA7767300C58A8E /* HomeViewController.m in Sources */,
			);
			runOnlyForDeploymentPostprocessing = 0;
		};
		E4F02EFE1AA5C5ED00426A88 /* Sources */ = {
			isa = PBXSourcesBuildPhase;
			buildActionMask = 2147483647;
			files = (
				E4F02F091AA5C5ED00426A88 /* gamytTests.m in Sources */,
			);
			runOnlyForDeploymentPostprocessing = 0;
		};
/* End PBXSourcesBuildPhase section */

/* Begin PBXTargetDependency section */
		E4F02F041AA5C5ED00426A88 /* PBXTargetDependency */ = {
			isa = PBXTargetDependency;
			target = E4F02EE81AA5C5ED00426A88 /* gamyt */;
			targetProxy = E4F02F031AA5C5ED00426A88 /* PBXContainerItemProxy */;
		};
/* End PBXTargetDependency section */

/* Begin PBXVariantGroup section */
		E4F02EF61AA5C5ED00426A88 /* Main.storyboard */ = {
			isa = PBXVariantGroup;
			children = (
				E4F02EF71AA5C5ED00426A88 /* Base */,
			);
			name = Main.storyboard;
			sourceTree = "<group>";
		};
		E4F02EFB1AA5C5ED00426A88 /* LaunchScreen.xib */ = {
			isa = PBXVariantGroup;
			children = (
				E4F02EFC1AA5C5ED00426A88 /* Base */,
			);
			name = LaunchScreen.xib;
			sourceTree = "<group>";
		};
/* End PBXVariantGroup section */

/* Begin XCBuildConfiguration section */
		E4F02F0A1AA5C5ED00426A88 /* Debug */ = {
			isa = XCBuildConfiguration;
			buildSettings = {
				ALWAYS_SEARCH_USER_PATHS = NO;
				CLANG_CXX_LANGUAGE_STANDARD = "gnu++0x";
				CLANG_CXX_LIBRARY = "libc++";
				CLANG_ENABLE_MODULES = YES;
				CLANG_ENABLE_OBJC_ARC = YES;
				CLANG_WARN_BOOL_CONVERSION = YES;
				CLANG_WARN_CONSTANT_CONVERSION = YES;
				CLANG_WARN_DIRECT_OBJC_ISA_USAGE = YES_ERROR;
				CLANG_WARN_EMPTY_BODY = YES;
				CLANG_WARN_ENUM_CONVERSION = YES;
				CLANG_WARN_INT_CONVERSION = YES;
				CLANG_WARN_OBJC_ROOT_CLASS = YES_ERROR;
				CLANG_WARN_UNREACHABLE_CODE = YES;
				CLANG_WARN__DUPLICATE_METHOD_MATCH = YES;
				"CODE_SIGN_IDENTITY[sdk=iphoneos*]" = "iPhone Developer";
				COPY_PHASE_STRIP = NO;
				ENABLE_STRICT_OBJC_MSGSEND = YES;
				GCC_C_LANGUAGE_STANDARD = gnu99;
				GCC_DYNAMIC_NO_PIC = NO;
				GCC_OPTIMIZATION_LEVEL = 0;
				GCC_PREPROCESSOR_DEFINITIONS = (
					"DEBUG=1",
					"$(inherited)",
				);
				GCC_SYMBOLS_PRIVATE_EXTERN = NO;
				GCC_WARN_64_TO_32_BIT_CONVERSION = YES;
				GCC_WARN_ABOUT_RETURN_TYPE = YES_ERROR;
				GCC_WARN_UNDECLARED_SELECTOR = YES;
				GCC_WARN_UNINITIALIZED_AUTOS = YES_AGGRESSIVE;
				GCC_WARN_UNUSED_FUNCTION = YES;
				GCC_WARN_UNUSED_VARIABLE = YES;
				IPHONEOS_DEPLOYMENT_TARGET = 8.1;
				MTL_ENABLE_DEBUG_INFO = YES;
				ONLY_ACTIVE_ARCH = YES;
				SDKROOT = iphoneos;
			};
			name = Debug;
		};
		E4F02F0B1AA5C5ED00426A88 /* Release */ = {
			isa = XCBuildConfiguration;
			buildSettings = {
				ALWAYS_SEARCH_USER_PATHS = NO;
				CLANG_CXX_LANGUAGE_STANDARD = "gnu++0x";
				CLANG_CXX_LIBRARY = "libc++";
				CLANG_ENABLE_MODULES = YES;
				CLANG_ENABLE_OBJC_ARC = YES;
				CLANG_WARN_BOOL_CONVERSION = YES;
				CLANG_WARN_CONSTANT_CONVERSION = YES;
				CLANG_WARN_DIRECT_OBJC_ISA_USAGE = YES_ERROR;
				CLANG_WARN_EMPTY_BODY = YES;
				CLANG_WARN_ENUM_CONVERSION = YES;
				CLANG_WARN_INT_CONVERSION = YES;
				CLANG_WARN_OBJC_ROOT_CLASS = YES_ERROR;
				CLANG_WARN_UNREACHABLE_CODE = YES;
				CLANG_WARN__DUPLICATE_METHOD_MATCH = YES;
				"CODE_SIGN_IDENTITY[sdk=iphoneos*]" = "iPhone Developer";
				COPY_PHASE_STRIP = YES;
				ENABLE_NS_ASSERTIONS = NO;
				ENABLE_STRICT_OBJC_MSGSEND = YES;
				GCC_C_LANGUAGE_STANDARD = gnu99;
				GCC_WARN_64_TO_32_BIT_CONVERSION = YES;
				GCC_WARN_ABOUT_RETURN_TYPE = YES_ERROR;
				GCC_WARN_UNDECLARED_SELECTOR = YES;
				GCC_WARN_UNINITIALIZED_AUTOS = YES_AGGRESSIVE;
				GCC_WARN_UNUSED_FUNCTION = YES;
				GCC_WARN_UNUSED_VARIABLE = YES;
				IPHONEOS_DEPLOYMENT_TARGET = 8.1;
				MTL_ENABLE_DEBUG_INFO = NO;
				SDKROOT = iphoneos;
				VALIDATE_PRODUCT = YES;
			};
			name = Release;
		};
		E4F02F0D1AA5C5ED00426A88 /* Debug */ = {
			isa = XCBuildConfiguration;
			buildSettings = {
				ASSETCATALOG_COMPILER_APPICON_NAME = AppIcon;
				ASSETCATALOG_COMPILER_LAUNCHIMAGE_NAME = LaunchImage;
				CODE_SIGN_IDENTITY = "iPhone Developer";
				GCC_PREFIX_HEADER = gamyt/gamyt.pch;
				INFOPLIST_FILE = gamyt/Info.plist;
				IPHONEOS_DEPLOYMENT_TARGET = 7.0;
				LD_RUNPATH_SEARCH_PATHS = "$(inherited) @executable_path/Frameworks";
				PRODUCT_NAME = "$(TARGET_NAME)";
			};
			name = Debug;
		};
		E4F02F0E1AA5C5ED00426A88 /* Release */ = {
			isa = XCBuildConfiguration;
			buildSettings = {
				ASSETCATALOG_COMPILER_APPICON_NAME = AppIcon;
				ASSETCATALOG_COMPILER_LAUNCHIMAGE_NAME = LaunchImage;
				CODE_SIGN_IDENTITY = "iPhone Developer";
				GCC_PREFIX_HEADER = gamyt/gamyt.pch;
				INFOPLIST_FILE = gamyt/Info.plist;
				IPHONEOS_DEPLOYMENT_TARGET = 7.0;
				LD_RUNPATH_SEARCH_PATHS = "$(inherited) @executable_path/Frameworks";
				PRODUCT_NAME = "$(TARGET_NAME)";
			};
			name = Release;
		};
		E4F02F101AA5C5ED00426A88 /* Debug */ = {
			isa = XCBuildConfiguration;
			buildSettings = {
				BUNDLE_LOADER = "$(TEST_HOST)";
				FRAMEWORK_SEARCH_PATHS = (
					"$(SDKROOT)/Developer/Library/Frameworks",
					"$(inherited)",
				);
				GCC_PREPROCESSOR_DEFINITIONS = (
					"DEBUG=1",
					"$(inherited)",
				);
				INFOPLIST_FILE = gamytTests/Info.plist;
				LD_RUNPATH_SEARCH_PATHS = "$(inherited) @executable_path/Frameworks @loader_path/Frameworks";
				PRODUCT_NAME = "$(TARGET_NAME)";
				TEST_HOST = "$(BUILT_PRODUCTS_DIR)/gamyt.app/gamyt";
			};
			name = Debug;
		};
		E4F02F111AA5C5ED00426A88 /* Release */ = {
			isa = XCBuildConfiguration;
			buildSettings = {
				BUNDLE_LOADER = "$(TEST_HOST)";
				FRAMEWORK_SEARCH_PATHS = (
					"$(SDKROOT)/Developer/Library/Frameworks",
					"$(inherited)",
				);
				INFOPLIST_FILE = gamytTests/Info.plist;
				LD_RUNPATH_SEARCH_PATHS = "$(inherited) @executable_path/Frameworks @loader_path/Frameworks";
				PRODUCT_NAME = "$(TARGET_NAME)";
				TEST_HOST = "$(BUILT_PRODUCTS_DIR)/gamyt.app/gamyt";
			};
			name = Release;
		};
/* End XCBuildConfiguration section */

/* Begin XCConfigurationList section */
		E4F02EE41AA5C5ED00426A88 /* Build configuration list for PBXProject "gamyt" */ = {
			isa = XCConfigurationList;
			buildConfigurations = (
				E4F02F0A1AA5C5ED00426A88 /* Debug */,
				E4F02F0B1AA5C5ED00426A88 /* Release */,
			);
			defaultConfigurationIsVisible = 0;
			defaultConfigurationName = Release;
		};
		E4F02F0C1AA5C5ED00426A88 /* Build configuration list for PBXNativeTarget "gamyt" */ = {
			isa = XCConfigurationList;
			buildConfigurations = (
				E4F02F0D1AA5C5ED00426A88 /* Debug */,
				E4F02F0E1AA5C5ED00426A88 /* Release */,
			);
			defaultConfigurationIsVisible = 0;
			defaultConfigurationName = Release;
		};
		E4F02F0F1AA5C5ED00426A88 /* Build configuration list for PBXNativeTarget "gamytTests" */ = {
			isa = XCConfigurationList;
			buildConfigurations = (
				E4F02F101AA5C5ED00426A88 /* Debug */,
				E4F02F111AA5C5ED00426A88 /* Release */,
			);
			defaultConfigurationIsVisible = 0;
			defaultConfigurationName = Release;
		};
/* End XCConfigurationList section */
	};
	rootObject = E4F02EE11AA5C5ED00426A88 /* Project object */;
}
